
Microsoft Visual Studio Solution File, Format Version 12.00
# Visual Studio Version 17
VisualStudioVersion = 17.0.32112.339
MinimumVisualStudioVersion = 10.0.40219.1
Project("{FAE04EC0-301F-11D3-BF4B-00C04F79EFBC}") = "WPF_Program15", "WPF_Program15\WPF_Program15.csproj", "{EFC5CEA2-0BE8-413B-B025-8C6130438906}"
EndProject
Global
	GlobalSection(SolutionConfigurationPlatforms) = preSolution
		Debug|Any CPU = Debug|Any CPU
		Release|Any CPU = Release|Any CPU
	EndGlobalSection
	GlobalSection(ProjectConfigurationPlatforms) = postSolution
		{EFC5CEA2-0BE8-413B-B025-8C6130438906}.Debug|Any CPU.ActiveCfg = Debug|Any CPU
		{EFC5CEA2-0BE8-413B-B025-8C6130438906}.Debug|Any CPU.Build.0 = Debug|Any CPU
		{EFC5CEA2-0BE8-413B-B025-8C6130438906}.Release|Any CPU.ActiveCfg = Release|Any CPU
		{EFC5CEA2-0BE8-413B-B025-8C6130438906}.Release|Any CPU.Build.0 = Release|Any CPU
	EndGlobalSection
	GlobalSection(SolutionProperties) = preSolution
		HideSolutionNode = FALSE
	EndGlobalSection
	GlobalSection(ExtensibilityGlobals) = postSolution
		SolutionGuid = {0A32D005-DB43-458D-9E20-03F1AE82E51D}
	EndGlobalSection
EndGlobal
